
Microsoft Visual Studio Solution File, Format Version 12.00
Project("{FAE04EC0-301F-11D3-BF4B-00C04F79EFBC}") = "Diploma.API", "Diploma.API\Diploma.API.csproj", "{1727F5DC-42FE-4A7D-89E1-1227124B3353}"
EndProject
Project("{FAE04EC0-301F-11D3-BF4B-00C04F79EFBC}") = "Diploma.TgBot", "Diploma.TgBot\Diploma.TgBot.csproj", "{9F38CCB3-FF6B-4726-A676-C477098D7154}"
EndProject
Project("{FAE04EC0-301F-11D3-BF4B-00C04F79EFBC}") = "Diploma.Common", "Diploma.Common\Diploma.Common.csproj", "{A29DD934-0931-4F25-B63A-0ADDB61B7D41}"
EndProject
Project("{FAE04EC0-301F-11D3-BF4B-00C04F79EFBC}") = "TgBotLib.Core", "tg-bot-lib\src\TgBotLib.Core\TgBotLib.Core.csproj", "{21736E11-EB9B-4AA8-A2E1-2FBF12ACEE95}"
EndProject
Global
	GlobalSection(SolutionConfigurationPlatforms) = preSolution
		Debug|Any CPU = Debug|Any CPU
		Release|Any CPU = Release|Any CPU
	EndGlobalSection
	GlobalSection(ProjectConfigurationPlatforms) = postSolution
		{1727F5DC-42FE-4A7D-89E1-1227124B3353}.Debug|Any CPU.ActiveCfg = Debug|Any CPU
		{1727F5DC-42FE-4A7D-89E1-1227124B3353}.Debug|Any CPU.Build.0 = Debug|Any CPU
		{1727F5DC-42FE-4A7D-89E1-1227124B3353}.Release|Any CPU.ActiveCfg = Release|Any CPU
		{1727F5DC-42FE-4A7D-89E1-1227124B3353}.Release|Any CPU.Build.0 = Release|Any CPU
		{9F38CCB3-FF6B-4726-A676-C477098D7154}.Debug|Any CPU.ActiveCfg = Debug|Any CPU
		{9F38CCB3-FF6B-4726-A676-C477098D7154}.Debug|Any CPU.Build.0 = Debug|Any CPU
		{9F38CCB3-FF6B-4726-A676-C477098D7154}.Release|Any CPU.ActiveCfg = Release|Any CPU
		{9F38CCB3-FF6B-4726-A676-C477098D7154}.Release|Any CPU.Build.0 = Release|Any CPU
		{A29DD934-0931-4F25-B63A-0ADDB61B7D41}.Debug|Any CPU.ActiveCfg = Debug|Any CPU
		{A29DD934-0931-4F25-B63A-0ADDB61B7D41}.Debug|Any CPU.Build.0 = Debug|Any CPU
		{A29DD934-0931-4F25-B63A-0ADDB61B7D41}.Release|Any CPU.ActiveCfg = Release|Any CPU
		{A29DD934-0931-4F25-B63A-0ADDB61B7D41}.Release|Any CPU.Build.0 = Release|Any CPU
		{21736E11-EB9B-4AA8-A2E1-2FBF12ACEE95}.Debug|Any CPU.ActiveCfg = Debug|Any CPU
		{21736E11-EB9B-4AA8-A2E1-2FBF12ACEE95}.Debug|Any CPU.Build.0 = Debug|Any CPU
		{21736E11-EB9B-4AA8-A2E1-2FBF12ACEE95}.Release|Any CPU.ActiveCfg = Release|Any CPU
		{21736E11-EB9B-4AA8-A2E1-2FBF12ACEE95}.Release|Any CPU.Build.0 = Release|Any CPU
	EndGlobalSection
EndGlobal
